Microsoft Visual Studio Solution File, Format Version 12.00
# Visual Studio Version 17
VisualStudioVersion = 17.5.2.0
MinimumVisualStudioVersion = 10.0.40219.1
Project("{FAE04EC0-301F-11D3-BF4B-00C04F79EFBC}") = "DebuggDemo", "DebuggDemo.csproj", "{4890507E-17EF-A203-FB97-AC283CF0F8AA}"
EndProject
Global
	GlobalSection(SolutionConfigurationPlatforms) = preSolution
		Debug|Any CPU = Debug|Any CPU
		Release|Any CPU = Release|Any CPU
	EndGlobalSection
	GlobalSection(ProjectConfigurationPlatforms) = postSolution
		{4890507E-17EF-A203-FB97-AC283CF0F8AA}.Debug|Any CPU.ActiveCfg = Debug|Any CPU
		{4890507E-17EF-A203-FB97-AC283CF0F8AA}.Debug|Any CPU.Build.0 = Debug|Any CPU
		{4890507E-17EF-A203-FB97-AC283CF0F8AA}.Release|Any CPU.ActiveCfg = Release|Any CPU
		{4890507E-17EF-A203-FB97-AC283CF0F8AA}.Release|Any CPU.Build.0 = Release|Any CPU
	EndGlobalSection
	GlobalSection(SolutionProperties) = preSolution
		HideSolutionNode = FALSE
	EndGlobalSection
	GlobalSection(ExtensibilityGlobals) = postSolution
		SolutionGuid = {0EC197A2-B918-45DC-83B8-90E4D20E1FFE}
	EndGlobalSection
EndGlobal
