Microsoft Visual Studio Solution File, Format Version 12.00
# Visual Studio Version 17
VisualStudioVersion = 17.5.2.0
MinimumVisualStudioVersion = 10.0.40219.1
Project("{FAE04EC0-301F-11D3-BF4B-00C04F79EFBC}") = "CafeInventory", "CafeInventory.csproj", "{8F5D3CBB-F47B-1B5C-351F-E60AFD2D28B8}"
EndProject
Global
	GlobalSection(SolutionConfigurationPlatforms) = preSolution
		Debug|Any CPU = Debug|Any CPU
		Release|Any CPU = Release|Any CPU
	EndGlobalSection
	GlobalSection(ProjectConfigurationPlatforms) = postSolution
		{8F5D3CBB-F47B-1B5C-351F-E60AFD2D28B8}.Debug|Any CPU.ActiveCfg = Debug|Any CPU
		{8F5D3CBB-F47B-1B5C-351F-E60AFD2D28B8}.Debug|Any CPU.Build.0 = Debug|Any CPU
		{8F5D3CBB-F47B-1B5C-351F-E60AFD2D28B8}.Release|Any CPU.ActiveCfg = Release|Any CPU
		{8F5D3CBB-F47B-1B5C-351F-E60AFD2D28B8}.Release|Any CPU.Build.0 = Release|Any CPU
	EndGlobalSection
	GlobalSection(SolutionProperties) = preSolution
		HideSolutionNode = FALSE
	EndGlobalSection
	GlobalSection(ExtensibilityGlobals) = postSolution
		SolutionGuid = {F5477AD9-5731-42BD-B152-A1EC8A489B73}
	EndGlobalSection
EndGlobal
