Microsoft Visual Studio Solution File, Format Version 12.00
# Visual Studio Version 17
VisualStudioVersion = 17.5.2.0
MinimumVisualStudioVersion = 10.0.40219.1
Project("{FAE04EC0-301F-11D3-BF4B-00C04F79EFBC}") = "CompositionDemo", "CompositionDemo.csproj", "{D92B5A01-3CF8-E8DE-3EF1-A6D6557ABBD0}"
EndProject
Global
	GlobalSection(SolutionConfigurationPlatforms) = preSolution
		Debug|Any CPU = Debug|Any CPU
		Release|Any CPU = Release|Any CPU
	EndGlobalSection
	GlobalSection(ProjectConfigurationPlatforms) = postSolution
		{D92B5A01-3CF8-E8DE-3EF1-A6D6557ABBD0}.Debug|Any CPU.ActiveCfg = Debug|Any CPU
		{D92B5A01-3CF8-E8DE-3EF1-A6D6557ABBD0}.Debug|Any CPU.Build.0 = Debug|Any CPU
		{D92B5A01-3CF8-E8DE-3EF1-A6D6557ABBD0}.Release|Any CPU.ActiveCfg = Release|Any CPU
		{D92B5A01-3CF8-E8DE-3EF1-A6D6557ABBD0}.Release|Any CPU.Build.0 = Release|Any CPU
	EndGlobalSection
	GlobalSection(SolutionProperties) = preSolution
		HideSolutionNode = FALSE
	EndGlobalSection
	GlobalSection(ExtensibilityGlobals) = postSolution
		SolutionGuid = {ABC109ED-277D-406B-BD22-FB67DEBF3F80}
	EndGlobalSection
EndGlobal
